// !$*UTF8*$!
{
	archiveVersion = 1;
	classes = {
	};
	objectVersion = 46;
	objects = {

/* Begin PBXBuildFile section */
		5DCD3E7D1EE98F4000E1AF5F /* AppDelegate.swift in Sources */ = {isa = PBXBuildFile; fileRef = 5DCD3E7C1EE98F4000E1AF5F /* AppDelegate.swift */; };
		5DCD3E841EE98F4000E1AF5F /* Assets.xcassets in Resources */ = {isa = PBXBuildFile; fileRef = 5DCD3E831EE98F4000E1AF5F /* Assets.xcassets */; };
		5DCD3E871EE98F4000E1AF5F /* LaunchScreen.storyboard in Resources */ = {isa = PBXBuildFile; fileRef = 5DCD3E851EE98F4000E1AF5F /* LaunchScreen.storyboard */; };
		5DCD3ED51EEA10C300E1AF5F /* ViperModule.swift in Sources */ = {isa = PBXBuildFile; fileRef = 5DCD3ED41EEA10C300E1AF5F /* ViperModule.swift */; };
		5DCD3EDE1EEA111200E1AF5F /* NavigatorInteractor.swift in Sources */ = {isa = PBXBuildFile; fileRef = 5DCD3ED81EEA111200E1AF5F /* NavigatorInteractor.swift */; };
		5DCD3EDF1EEA111200E1AF5F /* NavigatorPresenter.swift in Sources */ = {isa = PBXBuildFile; fileRef = 5DCD3ED91EEA111200E1AF5F /* NavigatorPresenter.swift */; };
		5DCD3EE01EEA111200E1AF5F /* NavigatorProtocols.swift in Sources */ = {isa = PBXBuildFile; fileRef = 5DCD3EDA1EEA111200E1AF5F /* NavigatorProtocols.swift */; };
		5DCD3EE11EEA111200E1AF5F /* NavigatorRouter.swift in Sources */ = {isa = PBXBuildFile; fileRef = 5DCD3EDB1EEA111200E1AF5F /* NavigatorRouter.swift */; };
		5DCD3EE21EEA111200E1AF5F /* NavigatorViewController.swift in Sources */ = {isa = PBXBuildFile; fileRef = 5DCD3EDC1EEA111200E1AF5F /* NavigatorViewController.swift */; };
		5DCD3EE91EEA127A00E1AF5F /* NavigatorRouter.Flow.swift in Sources */ = {isa = PBXBuildFile; fileRef = 5DCD3EE81EEA127A00E1AF5F /* NavigatorRouter.Flow.swift */; };
		5DCD3EF11EEA1E1800E1AF5F /* LoaderInteractor.swift in Sources */ = {isa = PBXBuildFile; fileRef = 5DCD3EEB1EEA1E1800E1AF5F /* LoaderInteractor.swift */; };
		5DCD3EF21EEA1E1800E1AF5F /* LoaderPresenter.swift in Sources */ = {isa = PBXBuildFile; fileRef = 5DCD3EEC1EEA1E1800E1AF5F /* LoaderPresenter.swift */; };
		5DCD3EF31EEA1E1800E1AF5F /* LoaderProtocols.swift in Sources */ = {isa = PBXBuildFile; fileRef = 5DCD3EED1EEA1E1800E1AF5F /* LoaderProtocols.swift */; };
		5DCD3EF41EEA1E1800E1AF5F /* LoaderRouter.swift in Sources */ = {isa = PBXBuildFile; fileRef = 5DCD3EEE1EEA1E1800E1AF5F /* LoaderRouter.swift */; };
		5DCD3EF51EEA1E1800E1AF5F /* LoaderViewController.swift in Sources */ = {isa = PBXBuildFile; fileRef = 5DCD3EEF1EEA1E1800E1AF5F /* LoaderViewController.swift */; };
		5DCD3EF61EEA1E1800E1AF5F /* LoaderViewController.xib in Resources */ = {isa = PBXBuildFile; fileRef = 5DCD3EF01EEA1E1800E1AF5F /* LoaderViewController.xib */; };
		5DCD3EF81EEA9B8000E1AF5F /* NavigatorPresenter.LoaderOutput.swift in Sources */ = {isa = PBXBuildFile; fileRef = 5DCD3EF71EEA9B8000E1AF5F /* NavigatorPresenter.LoaderOutput.swift */; };
/* End PBXBuildFile section */

/* Begin PBXCopyFilesBuildPhase section */
		5DCD3E9F1EE98FBE00E1AF5F /* Embed Frameworks */ = {
			isa = PBXCopyFilesBuildPhase;
			buildActionMask = 2147483647;
			dstPath = "";
			dstSubfolderSpec = 10;
			files = (
			);
			name = "Embed Frameworks";
			runOnlyForDeploymentPostprocessing = 0;
		};
/* End PBXCopyFilesBuildPhase section */

/* Begin PBXFileReference section */
		5DCD3E791EE98F4000E1AF5F /* VIPERToolsDemo.app */ = {isa = PBXFileReference; explicitFileType = wrapper.application; includeInIndex = 0; path = VIPERToolsDemo.app; sourceTree = BUILT_PRODUCTS_DIR; };
		5DCD3E7C1EE98F4000E1AF5F /* AppDelegate.swift */ = {isa = PBXFileReference; lastKnownFileType = sourcecode.swift; path = AppDelegate.swift; sourceTree = "<group>"; };
		5DCD3E831EE98F4000E1AF5F /* Assets.xcassets */ = {isa = PBXFileReference; lastKnownFileType = folder.assetcatalog; path = Assets.xcassets; sourceTree = "<group>"; };
		5DCD3E861EE98F4000E1AF5F /* Base */ = {isa = PBXFileReference; lastKnownFileType = file.storyboard; name = Base; path = Base.lproj/LaunchScreen.storyboard; sourceTree = "<group>"; };
		5DCD3E881EE98F4000E1AF5F /* Info.plist */ = {isa = PBXFileReference; lastKnownFileType = text.plist.xml; path = Info.plist; sourceTree = "<group>"; };
		5DCD3ED41EEA10C300E1AF5F /* ViperModule.swift */ = {isa = PBXFileReference; fileEncoding = 4; lastKnownFileType = sourcecode.swift; path = ViperModule.swift; sourceTree = "<group>"; };
		5DCD3ED81EEA111200E1AF5F /* NavigatorInteractor.swift */ = {isa = PBXFileReference; fileEncoding = 4; lastKnownFileType = sourcecode.swift; path = NavigatorInteractor.swift; sourceTree = "<group>"; };
		5DCD3ED91EEA111200E1AF5F /* NavigatorPresenter.swift */ = {isa = PBXFileReference; fileEncoding = 4; lastKnownFileType = sourcecode.swift; path = NavigatorPresenter.swift; sourceTree = "<group>"; };
		5DCD3EDA1EEA111200E1AF5F /* NavigatorProtocols.swift */ = {isa = PBXFileReference; fileEncoding = 4; lastKnownFileType = sourcecode.swift; path = NavigatorProtocols.swift; sourceTree = "<group>"; };
		5DCD3EDB1EEA111200E1AF5F /* NavigatorRouter.swift */ = {isa = PBXFileReference; fileEncoding = 4; lastKnownFileType = sourcecode.swift; path = NavigatorRouter.swift; sourceTree = "<group>"; };
		5DCD3EDC1EEA111200E1AF5F /* NavigatorViewController.swift */ = {isa = PBXFileReference; fileEncoding = 4; lastKnownFileType = sourcecode.swift; path = NavigatorViewController.swift; sourceTree = "<group>"; };
		5DCD3EE81EEA127A00E1AF5F /* NavigatorRouter.Flow.swift */ = {isa = PBXFileReference; fileEncoding = 4; lastKnownFileType = sourcecode.swift; path = NavigatorRouter.Flow.swift; sourceTree = "<group>"; };
		5DCD3EEB1EEA1E1800E1AF5F /* LoaderInteractor.swift */ = {isa = PBXFileReference; fileEncoding = 4; lastKnownFileType = sourcecode.swift; path = LoaderInteractor.swift; sourceTree = "<group>"; };
		5DCD3EEC1EEA1E1800E1AF5F /* LoaderPresenter.swift */ = {isa = PBXFileReference; fileEncoding = 4; lastKnownFileType = sourcecode.swift; path = LoaderPresenter.swift; sourceTree = "<group>"; };
		5DCD3EED1EEA1E1800E1AF5F /* LoaderProtocols.swift */ = {isa = PBXFileReference; fileEncoding = 4; lastKnownFileType = sourcecode.swift; path = LoaderProtocols.swift; sourceTree = "<group>"; };
		5DCD3EEE1EEA1E1800E1AF5F /* LoaderRouter.swift */ = {isa = PBXFileReference; fileEncoding = 4; lastKnownFileType = sourcecode.swift; path = LoaderRouter.swift; sourceTree = "<group>"; };
		5DCD3EEF1EEA1E1800E1AF5F /* LoaderViewController.swift */ = {isa = PBXFileReference; fileEncoding = 4; lastKnownFileType = sourcecode.swift; path = LoaderViewController.swift; sourceTree = "<group>"; };
		5DCD3EF01EEA1E1800E1AF5F /* LoaderViewController.xib */ = {isa = PBXFileReference; fileEncoding = 4; lastKnownFileType = file.xib; path = LoaderViewController.xib; sourceTree = "<group>"; };
		5DCD3EF71EEA9B8000E1AF5F /* NavigatorPresenter.LoaderOutput.swift */ = {isa = PBXFileReference; fileEncoding = 4; lastKnownFileType = sourcecode.swift; path = NavigatorPresenter.LoaderOutput.swift; sourceTree = "<group>"; };
/* End PBXFileReference section */

/* Begin PBXFrameworksBuildPhase section */
		5DCD3E761EE98F4000E1AF5F /* Frameworks */ = {
			isa = PBXFrameworksBuildPhase;
			buildActionMask = 2147483647;
			files = (
			);
			runOnlyForDeploymentPostprocessing = 0;
		};
/* End PBXFrameworksBuildPhase section */

/* Begin PBXGroup section */
		5DCD3E701EE98F4000E1AF5F = {
			isa = PBXGroup;
			children = (
				5DCD3E7B1EE98F4000E1AF5F /* VIPERToolsDemo */,
				5DCD3E7A1EE98F4000E1AF5F /* Products */,
			);
			sourceTree = "<group>";
		};
		5DCD3E7A1EE98F4000E1AF5F /* Products */ = {
			isa = PBXGroup;
			children = (
				5DCD3E791EE98F4000E1AF5F /* VIPERToolsDemo.app */,
			);
			name = Products;
			sourceTree = "<group>";
		};
		5DCD3E7B1EE98F4000E1AF5F /* VIPERToolsDemo */ = {
			isa = PBXGroup;
			children = (
				5DCD3ED31EEA10C300E1AF5F /* ViperModule */,
				5DCD3ED61EEA10DA00E1AF5F /* Modules */,
				5DCD3E7C1EE98F4000E1AF5F /* AppDelegate.swift */,
				5DCD3E831EE98F4000E1AF5F /* Assets.xcassets */,
				5DCD3E851EE98F4000E1AF5F /* LaunchScreen.storyboard */,
				5DCD3E881EE98F4000E1AF5F /* Info.plist */,
			);
			path = VIPERToolsDemo;
			sourceTree = "<group>";
		};
		5DCD3ED31EEA10C300E1AF5F /* ViperModule */ = {
			isa = PBXGroup;
			children = (
				5DCD3ED41EEA10C300E1AF5F /* ViperModule.swift */,
			);
			name = ViperModule;
			path = ../../ViperModule;
			sourceTree = "<group>";
		};
		5DCD3ED61EEA10DA00E1AF5F /* Modules */ = {
			isa = PBXGroup;
			children = (
				5DCD3EF91EEAAAC500E1AF5F /* ItemsList */,
				5DCD3EEA1EEA1E0D00E1AF5F /* Loader */,
				5DCD3ED71EEA10FC00E1AF5F /* AppNavigator  */,
			);
			path = Modules;
			sourceTree = "<group>";
		};
		5DCD3ED71EEA10FC00E1AF5F /* AppNavigator  */ = {
			isa = PBXGroup;
			children = (
				5DCD3EE71EEA126100E1AF5F /* Flow */,
				5DCD3ED81EEA111200E1AF5F /* NavigatorInteractor.swift */,
				5DCD3ED91EEA111200E1AF5F /* NavigatorPresenter.swift */,
				5DCD3EDA1EEA111200E1AF5F /* NavigatorProtocols.swift */,
				5DCD3EDB1EEA111200E1AF5F /* NavigatorRouter.swift */,
				5DCD3EDC1EEA111200E1AF5F /* NavigatorViewController.swift */,
			);
			path = "AppNavigator ";
			sourceTree = "<group>";
		};
		5DCD3EE71EEA126100E1AF5F /* Flow */ = {
			isa = PBXGroup;
			children = (
				5DCD3EE81EEA127A00E1AF5F /* NavigatorRouter.Flow.swift */,
				5DCD3EF71EEA9B8000E1AF5F /* NavigatorPresenter.LoaderOutput.swift */,
			);
			path = Flow;
			sourceTree = "<group>";
		};
		5DCD3EEA1EEA1E0D00E1AF5F /* Loader */ = {
			isa = PBXGroup;
			children = (
				5DCD3EEB1EEA1E1800E1AF5F /* LoaderInteractor.swift */,
				5DCD3EEC1EEA1E1800E1AF5F /* LoaderPresenter.swift */,
				5DCD3EED1EEA1E1800E1AF5F /* LoaderProtocols.swift */,
				5DCD3EEE1EEA1E1800E1AF5F /* LoaderRouter.swift */,
				5DCD3EEF1EEA1E1800E1AF5F /* LoaderViewController.swift */,
				5DCD3EF01EEA1E1800E1AF5F /* LoaderViewController.xib */,
			);
			path = Loader;
			sourceTree = "<group>";
		};
		5DCD3EF91EEAAAC500E1AF5F /* ItemsList */ = {
			isa = PBXGroup;
			children = (
			);
			path = ItemsList;
			sourceTree = "<group>";
		};
/* End PBXGroup section */

/* Begin PBXNativeTarget section */
		5DCD3E781EE98F4000E1AF5F /* VIPERToolsDemo */ = {
			isa = PBXNativeTarget;
			buildConfigurationList = 5DCD3E8B1EE98F4000E1AF5F /* Build configuration list for PBXNativeTarget "VIPERToolsDemo" */;
			buildPhases = (
				5DCD3E751EE98F4000E1AF5F /* Sources */,
				5DCD3E761EE98F4000E1AF5F /* Frameworks */,
				5DCD3E771EE98F4000E1AF5F /* Resources */,
				5DCD3E9F1EE98FBE00E1AF5F /* Embed Frameworks */,
			);
			buildRules = (
			);
			dependencies = (
			);
			name = VIPERToolsDemo;
			productName = VIPERToolsDemo;
			productReference = 5DCD3E791EE98F4000E1AF5F /* VIPERToolsDemo.app */;
			productType = "com.apple.product-type.application";
		};
/* End PBXNativeTarget section */

/* Begin PBXProject section */
		5DCD3E711EE98F4000E1AF5F /* Project object */ = {
			isa = PBXProject;
			attributes = {
				LastSwiftUpdateCheck = 0830;
				LastUpgradeCheck = 0830;
				ORGANIZATIONNAME = Budgeteer;
				TargetAttributes = {
					5DCD3E781EE98F4000E1AF5F = {
						CreatedOnToolsVersion = 8.3.2;
						DevelopmentTeam = 8NA9G4YYAR;
						ProvisioningStyle = Automatic;
					};
				};
			};
			buildConfigurationList = 5DCD3E741EE98F4000E1AF5F /* Build configuration list for PBXProject "VIPERToolsDemo" */;
			compatibilityVersion = "Xcode 3.2";
			developmentRegion = English;
			hasScannedForEncodings = 0;
			knownRegions = (
				en,
				Base,
			);
			mainGroup = 5DCD3E701EE98F4000E1AF5F;
			productRefGroup = 5DCD3E7A1EE98F4000E1AF5F /* Products */;
			projectDirPath = "";
			projectRoot = "";
			targets = (
				5DCD3E781EE98F4000E1AF5F /* VIPERToolsDemo */,
			);
		};
/* End PBXProject section */

/* Begin PBXResourcesBuildPhase section */
		5DCD3E771EE98F4000E1AF5F /* Resources */ = {
			isa = PBXResourcesBuildPhase;
			buildActionMask = 2147483647;
			files = (
				5DCD3E871EE98F4000E1AF5F /* LaunchScreen.storyboard in Resources */,
				5DCD3EF61EEA1E1800E1AF5F /* LoaderViewController.xib in Resources */,
				5DCD3E841EE98F4000E1AF5F /* Assets.xcassets in Resources */,
			);
			runOnlyForDeploymentPostprocessing = 0;
		};
/* End PBXResourcesBuildPhase section */

/* Begin PBXSourcesBuildPhase section */
		5DCD3E751EE98F4000E1AF5F /* Sources */ = {
			isa = PBXSourcesBuildPhase;
			buildActionMask = 2147483647;
			files = (
				5DCD3EE11EEA111200E1AF5F /* NavigatorRouter.swift in Sources */,
				5DCD3EF41EEA1E1800E1AF5F /* LoaderRouter.swift in Sources */,
				5DCD3EE21EEA111200E1AF5F /* NavigatorViewController.swift in Sources */,
				5DCD3ED51EEA10C300E1AF5F /* ViperModule.swift in Sources */,
				5DCD3EDE1EEA111200E1AF5F /* NavigatorInteractor.swift in Sources */,
				5DCD3EF51EEA1E1800E1AF5F /* LoaderViewController.swift in Sources */,
				5DCD3EF31EEA1E1800E1AF5F /* LoaderProtocols.swift in Sources */,
				5DCD3EF11EEA1E1800E1AF5F /* LoaderInteractor.swift in Sources */,
				5DCD3EDF1EEA111200E1AF5F /* NavigatorPresenter.swift in Sources */,
				5DCD3EE91EEA127A00E1AF5F /* NavigatorRouter.Flow.swift in Sources */,
				5DCD3EF21EEA1E1800E1AF5F /* LoaderPresenter.swift in Sources */,
				5DCD3E7D1EE98F4000E1AF5F /* AppDelegate.swift in Sources */,
				5DCD3EE01EEA111200E1AF5F /* NavigatorProtocols.swift in Sources */,
				5DCD3EF81EEA9B8000E1AF5F /* NavigatorPresenter.LoaderOutput.swift in Sources */,
			);
			runOnlyForDeploymentPostprocessing = 0;
		};
/* End PBXSourcesBuildPhase section */

/* Begin PBXVariantGroup section */
		5DCD3E851EE98F4000E1AF5F /* LaunchScreen.storyboard */ = {
			isa = PBXVariantGroup;
			children = (
				5DCD3E861EE98F4000E1AF5F /* Base */,
			);
			name = LaunchScreen.storyboard;
			sourceTree = "<group>";
		};
/* End PBXVariantGroup section */

/* Begin XCBuildConfiguration section */
		5DCD3E891EE98F4000E1AF5F /* Debug */ = {
			isa = XCBuildConfiguration;
			buildSettings = {
				ALWAYS_SEARCH_USER_PATHS = NO;
				CLANG_ANALYZER_NONNULL = YES;
				CLANG_ANALYZER_NUMBER_OBJECT_CONVERSION = YES_AGGRESSIVE;
				CLANG_CXX_LANGUAGE_STANDARD = "gnu++0x";
				CLANG_CXX_LIBRARY = "libc++";
				CLANG_ENABLE_MODULES = YES;
				CLANG_ENABLE_OBJC_ARC = YES;
				CLANG_WARN_BOOL_CONVERSION = YES;
				CLANG_WARN_CONSTANT_CONVERSION = YES;
				CLANG_WARN_DIRECT_OBJC_ISA_USAGE = YES_ERROR;
				CLANG_WARN_DOCUMENTATION_COMMENTS = YES;
				CLANG_WARN_EMPTY_BODY = YES;
				CLANG_WARN_ENUM_CONVERSION = YES;
				CLANG_WARN_INFINITE_RECURSION = YES;
				CLANG_WARN_INT_CONVERSION = YES;
				CLANG_WARN_OBJC_ROOT_CLASS = YES_ERROR;
				CLANG_WARN_SUSPICIOUS_MOVE = YES;
				CLANG_WARN_UNREACHABLE_CODE = YES;
				CLANG_WARN__DUPLICATE_METHOD_MATCH = YES;
				"CODE_SIGN_IDENTITY[sdk=iphoneos*]" = "iPhone Developer";
				COPY_PHASE_STRIP = NO;
				DEBUG_INFORMATION_FORMAT = dwarf;
				ENABLE_STRICT_OBJC_MSGSEND = YES;
				ENABLE_TESTABILITY = YES;
				GCC_C_LANGUAGE_STANDARD = gnu99;
				GCC_DYNAMIC_NO_PIC = NO;
				GCC_NO_COMMON_BLOCKS = YES;
				GCC_OPTIMIZATION_LEVEL = 0;
				GCC_PREPROCESSOR_DEFINITIONS = (
					"DEBUG=1",
					"$(inherited)",
				);
				GCC_WARN_64_TO_32_BIT_CONVERSION = YES;
				GCC_WARN_ABOUT_RETURN_TYPE = YES_ERROR;
				GCC_WARN_UNDECLARED_SELECTOR = YES;
				GCC_WARN_UNINITIALIZED_AUTOS = YES_AGGRESSIVE;
				GCC_WARN_UNUSED_FUNCTION = YES;
				GCC_WARN_UNUSED_VARIABLE = YES;
				IPHONEOS_DEPLOYMENT_TARGET = 10.3;
				MTL_ENABLE_DEBUG_INFO = YES;
				ONLY_ACTIVE_ARCH = YES;
				SDKROOT = iphoneos;
				SWIFT_ACTIVE_COMPILATION_CONDITIONS = DEBUG;
				SWIFT_OPTIMIZATION_LEVEL = "-Onone";
				TARGETED_DEVICE_FAMILY = "1,2";
			};
			name = Debug;
		};
		5DCD3E8A1EE98F4000E1AF5F /* Release */ = {
			isa = XCBuildConfiguration;
			buildSettings = {
				ALWAYS_SEARCH_USER_PATHS = NO;
				CLANG_ANALYZER_NONNULL = YES;
				CLANG_ANALYZER_NUMBER_OBJECT_CONVERSION = YES_AGGRESSIVE;
				CLANG_CXX_LANGUAGE_STANDARD = "gnu++0x";
				CLANG_CXX_LIBRARY = "libc++";
				CLANG_ENABLE_MODULES = YES;
				CLANG_ENABLE_OBJC_ARC = YES;
				CLANG_WARN_BOOL_CONVERSION = YES;
				CLANG_WARN_CONSTANT_CONVERSION = YES;
				CLANG_WARN_DIRECT_OBJC_ISA_USAGE = YES_ERROR;
				CLANG_WARN_DOCUMENTATION_COMMENTS = YES;
				CLANG_WARN_EMPTY_BODY = YES;
				CLANG_WARN_ENUM_CONVERSION = YES;
				CLANG_WARN_INFINITE_RECURSION = YES;
				CLANG_WARN_INT_CONVERSION = YES;
				CLANG_WARN_OBJC_ROOT_CLASS = YES_ERROR;
				CLANG_WARN_SUSPICIOUS_MOVE = YES;
				CLANG_WARN_UNREACHABLE_CODE = YES;
				CLANG_WARN__DUPLICATE_METHOD_MATCH = YES;
				"CODE_SIGN_IDENTITY[sdk=iphoneos*]" = "iPhone Developer";
				COPY_PHASE_STRIP = NO;
				DEBUG_INFORMATION_FORMAT = "dwarf-with-dsym";
				ENABLE_NS_ASSERTIONS = NO;
				ENABLE_STRICT_OBJC_MSGSEND = YES;
				GCC_C_LANGUAGE_STANDARD = gnu99;
				GCC_NO_COMMON_BLOCKS = YES;
				GCC_WARN_64_TO_32_BIT_CONVERSION = YES;
				GCC_WARN_ABOUT_RETURN_TYPE = YES_ERROR;
				GCC_WARN_UNDECLARED_SELECTOR = YES;
				GCC_WARN_UNINITIALIZED_AUTOS = YES_AGGRESSIVE;
				GCC_WARN_UNUSED_FUNCTION = YES;
				GCC_WARN_UNUSED_VARIABLE = YES;
				IPHONEOS_DEPLOYMENT_TARGET = 10.3;
				MTL_ENABLE_DEBUG_INFO = NO;
				SDKROOT = iphoneos;
				SWIFT_OPTIMIZATION_LEVEL = "-Owholemodule";
				TARGETED_DEVICE_FAMILY = "1,2";
				VALIDATE_PRODUCT = YES;
			};
			name = Release;
		};
		5DCD3E8C1EE98F4000E1AF5F /* Debug */ = {
			isa = XCBuildConfiguration;
			buildSettings = {
				ASSETCATALOG_COMPILER_APPICON_NAME = AppIcon;
				DEVELOPMENT_TEAM = 8NA9G4YYAR;
				INFOPLIST_FILE = VIPERToolsDemo/Info.plist;
				LD_RUNPATH_SEARCH_PATHS = "$(inherited) @executable_path/Frameworks";
				PRODUCT_BUNDLE_IDENTIFIER = com.budgeteer.VIPERToolsDemo;
				PRODUCT_NAME = "$(TARGET_NAME)";
				SWIFT_VERSION = 3.0;
			};
			name = Debug;
		};
		5DCD3E8D1EE98F4000E1AF5F /* Release */ = {
			isa = XCBuildConfiguration;
			buildSettings = {
				ASSETCATALOG_COMPILER_APPICON_NAME = AppIcon;
				DEVELOPMENT_TEAM = 8NA9G4YYAR;
				INFOPLIST_FILE = VIPERToolsDemo/Info.plist;
				LD_RUNPATH_SEARCH_PATHS = "$(inherited) @executable_path/Frameworks";
				PRODUCT_BUNDLE_IDENTIFIER = com.budgeteer.VIPERToolsDemo;
				PRODUCT_NAME = "$(TARGET_NAME)";
				SWIFT_VERSION = 3.0;
			};
			name = Release;
		};
/* End XCBuildConfiguration section */

/* Begin XCConfigurationList section */
		5DCD3E741EE98F4000E1AF5F /* Build configuration list for PBXProject "VIPERToolsDemo" */ = {
			isa = XCConfigurationList;
			buildConfigurations = (
				5DCD3E891EE98F4000E1AF5F /* Debug */,
				5DCD3E8A1EE98F4000E1AF5F /* Release */,
			);
			defaultConfigurationIsVisible = 0;
			defaultConfigurationName = Release;
		};
		5DCD3E8B1EE98F4000E1AF5F /* Build configuration list for PBXNativeTarget "VIPERToolsDemo" */ = {
			isa = XCConfigurationList;
			buildConfigurations = (
				5DCD3E8C1EE98F4000E1AF5F /* Debug */,
				5DCD3E8D1EE98F4000E1AF5F /* Release */,
			);
			defaultConfigurationIsVisible = 0;
			defaultConfigurationName = Release;
		};
/* End XCConfigurationList section */
	};
	rootObject = 5DCD3E711EE98F4000E1AF5F /* Project object */;
}
